
Microsoft Visual Studio Solution File, Format Version 10.00
# Visual Studio 2008
Project("{8BC9CEB8-8B4A-11D0-8D11-00A0C91BC942}") = "RegDriver", "RegDriver.vcproj", "{C48664CC-82FE-4843-B22E-0A87819E03F7}"
EndProject
Global
	GlobalSection(SolutionConfigurationPlatforms) = preSolution
		Debug|Win32 = Debug|Win32
		Release|Win32 = Release|Win32
	EndGlobalSection
	GlobalSection(ProjectConfigurationPlatforms) = postSolution
		{C48664CC-82FE-4843-B22E-0A87819E03F7}.Debug|Win32.ActiveCfg = Debug|Win32
		{C48664CC-82FE-4843-B22E-0A87819E03F7}.Debug|Win32.Build.0 = Debug|Win32
		{C48664CC-82FE-4843-B22E-0A87819E03F7}.Release|Win32.ActiveCfg = Release|Win32
		{C48664CC-82FE-4843-B22E-0A87819E03F7}.Release|Win32.Build.0 = Release|Win32
	EndGlobalSection
	GlobalSection(SolutionProperties) = preSolution
		HideSolutionNode = FALSE
	EndGlobalSection
EndGlobal
